
Microsoft Visual Studio Solution File, Format Version 12.00
# Visual Studio 15
VisualStudioVersion = 15.0.27428.2015
MinimumVisualStudioVersion = 10.0.40219.1
Project("{FAE04EC0-301F-11D3-BF4B-00C04F79EFBC}") = "ReactivePropertySample", "ReactivePropertySample\ReactivePropertySample.csproj", "{DC318B23-A35C-4AFE-973B-5FD9E7BC37B9}"
EndProject
Project("{FAE04EC0-301F-11D3-BF4B-00C04F79EFBC}") = "ReactivePropertySample2", "ReactivePropertySample2\ReactivePropertySample2.csproj", "{172385CD-542A-4C67-93EA-CBABBD49DCAD}"
EndProject
Project("{FAE04EC0-301F-11D3-BF4B-00C04F79EFBC}") = "ReactivePropertySample3", "ReactivePropertySample3\ReactivePropertySample3.csproj", "{4C88DC04-30A7-43B0-9E1B-A605C2A6F890}"
EndProject
Project("{FAE04EC0-301F-11D3-BF4B-00C04F79EFBC}") = "ObservableSample", "ObservableSample\ObservableSample.csproj", "{6CCA0D70-0711-4680-A4AA-FEBB5BC0F49A}"
EndProject
Project("{FAE04EC0-301F-11D3-BF4B-00C04F79EFBC}") = "ObservableSample2", "ObservableSample2\ObservableSample2.csproj", "{22826C5A-15EA-4A79-BE40-947FBA58FDA9}"
EndProject
Global
	GlobalSection(SolutionConfigurationPlatforms) = preSolution
		Debug|Any CPU = Debug|Any CPU
		Release|Any CPU = Release|Any CPU
	EndGlobalSection
	GlobalSection(ProjectConfigurationPlatforms) = postSolution
		{DC318B23-A35C-4AFE-973B-5FD9E7BC37B9}.Debug|Any CPU.ActiveCfg = Debug|Any CPU
		{DC318B23-A35C-4AFE-973B-5FD9E7BC37B9}.Debug|Any CPU.Build.0 = Debug|Any CPU
		{DC318B23-A35C-4AFE-973B-5FD9E7BC37B9}.Release|Any CPU.ActiveCfg = Release|Any CPU
		{DC318B23-A35C-4AFE-973B-5FD9E7BC37B9}.Release|Any CPU.Build.0 = Release|Any CPU
		{172385CD-542A-4C67-93EA-CBABBD49DCAD}.Debug|Any CPU.ActiveCfg = Debug|Any CPU
		{172385CD-542A-4C67-93EA-CBABBD49DCAD}.Debug|Any CPU.Build.0 = Debug|Any CPU
		{172385CD-542A-4C67-93EA-CBABBD49DCAD}.Release|Any CPU.ActiveCfg = Release|Any CPU
		{172385CD-542A-4C67-93EA-CBABBD49DCAD}.Release|Any CPU.Build.0 = Release|Any CPU
		{4C88DC04-30A7-43B0-9E1B-A605C2A6F890}.Debug|Any CPU.ActiveCfg = Debug|Any CPU
		{4C88DC04-30A7-43B0-9E1B-A605C2A6F890}.Debug|Any CPU.Build.0 = Debug|Any CPU
		{4C88DC04-30A7-43B0-9E1B-A605C2A6F890}.Release|Any CPU.ActiveCfg = Release|Any CPU
		{4C88DC04-30A7-43B0-9E1B-A605C2A6F890}.Release|Any CPU.Build.0 = Release|Any CPU
		{6CCA0D70-0711-4680-A4AA-FEBB5BC0F49A}.Debug|Any CPU.ActiveCfg = Debug|Any CPU
		{6CCA0D70-0711-4680-A4AA-FEBB5BC0F49A}.Debug|Any CPU.Build.0 = Debug|Any CPU
		{6CCA0D70-0711-4680-A4AA-FEBB5BC0F49A}.Release|Any CPU.ActiveCfg = Release|Any CPU
		{6CCA0D70-0711-4680-A4AA-FEBB5BC0F49A}.Release|Any CPU.Build.0 = Release|Any CPU
		{22826C5A-15EA-4A79-BE40-947FBA58FDA9}.Debug|Any CPU.ActiveCfg = Debug|Any CPU
		{22826C5A-15EA-4A79-BE40-947FBA58FDA9}.Debug|Any CPU.Build.0 = Debug|Any CPU
		{22826C5A-15EA-4A79-BE40-947FBA58FDA9}.Release|Any CPU.ActiveCfg = Release|Any CPU
		{22826C5A-15EA-4A79-BE40-947FBA58FDA9}.Release|Any CPU.Build.0 = Release|Any CPU
	EndGlobalSection
	GlobalSection(SolutionProperties) = preSolution
		HideSolutionNode = FALSE
	EndGlobalSection
	GlobalSection(ExtensibilityGlobals) = postSolution
		SolutionGuid = {292B395B-5E15-41CB-B946-4294BAC788B6}
	EndGlobalSection
EndGlobal
