
Microsoft Visual Studio Solution File, Format Version 12.00
# Visual Studio 15
VisualStudioVersion = 15.0.28307.421
MinimumVisualStudioVersion = 10.0.40219.1
Project("{FAE04EC0-301F-11D3-BF4B-00C04F79EFBC}") = "QuicktypeCS", "QuicktypeCS\QuicktypeCS.csproj", "{16A4477B-4024-42CD-8E3D-43F46949EF36}"
EndProject
Project("{8BC9CEB8-8B4A-11D0-8D11-00A0C91BC942}") = "QuicktypeCpp", "QuicktypeCpp\QuicktypeCpp.vcxproj", "{2828751B-0A06-4C54-9918-610E28DC5FEF}"
EndProject
Project("{8BC9CEB8-8B4A-11D0-8D11-00A0C91BC942}") = "QuicktypeCpp2", "QuicktypeCpp2\QuicktypeCpp2.vcxproj", "{94AFFF21-16C3-4671-8D32-7CCA871E354A}"
EndProject
Global
	GlobalSection(SolutionConfigurationPlatforms) = preSolution
		Debug|Any CPU = Debug|Any CPU
		Debug|x64 = Debug|x64
		Debug|x86 = Debug|x86
		Release|Any CPU = Release|Any CPU
		Release|x64 = Release|x64
		Release|x86 = Release|x86
	EndGlobalSection
	GlobalSection(ProjectConfigurationPlatforms) = postSolution
		{16A4477B-4024-42CD-8E3D-43F46949EF36}.Debug|Any CPU.ActiveCfg = Debug|Any CPU
		{16A4477B-4024-42CD-8E3D-43F46949EF36}.Debug|Any CPU.Build.0 = Debug|Any CPU
		{16A4477B-4024-42CD-8E3D-43F46949EF36}.Debug|x64.ActiveCfg = Debug|Any CPU
		{16A4477B-4024-42CD-8E3D-43F46949EF36}.Debug|x64.Build.0 = Debug|Any CPU
		{16A4477B-4024-42CD-8E3D-43F46949EF36}.Debug|x86.ActiveCfg = Debug|Any CPU
		{16A4477B-4024-42CD-8E3D-43F46949EF36}.Debug|x86.Build.0 = Debug|Any CPU
		{16A4477B-4024-42CD-8E3D-43F46949EF36}.Release|Any CPU.ActiveCfg = Release|Any CPU
		{16A4477B-4024-42CD-8E3D-43F46949EF36}.Release|Any CPU.Build.0 = Release|Any CPU
		{16A4477B-4024-42CD-8E3D-43F46949EF36}.Release|x64.ActiveCfg = Release|Any CPU
		{16A4477B-4024-42CD-8E3D-43F46949EF36}.Release|x64.Build.0 = Release|Any CPU
		{16A4477B-4024-42CD-8E3D-43F46949EF36}.Release|x86.ActiveCfg = Release|Any CPU
		{16A4477B-4024-42CD-8E3D-43F46949EF36}.Release|x86.Build.0 = Release|Any CPU
		{2828751B-0A06-4C54-9918-610E28DC5FEF}.Debug|Any CPU.ActiveCfg = Debug|Win32
		{2828751B-0A06-4C54-9918-610E28DC5FEF}.Debug|Any CPU.Build.0 = Debug|Win32
		{2828751B-0A06-4C54-9918-610E28DC5FEF}.Debug|x64.ActiveCfg = Debug|x64
		{2828751B-0A06-4C54-9918-610E28DC5FEF}.Debug|x64.Build.0 = Debug|x64
		{2828751B-0A06-4C54-9918-610E28DC5FEF}.Debug|x86.ActiveCfg = Debug|Win32
		{2828751B-0A06-4C54-9918-610E28DC5FEF}.Debug|x86.Build.0 = Debug|Win32
		{2828751B-0A06-4C54-9918-610E28DC5FEF}.Release|Any CPU.ActiveCfg = Release|Win32
		{2828751B-0A06-4C54-9918-610E28DC5FEF}.Release|x64.ActiveCfg = Release|x64
		{2828751B-0A06-4C54-9918-610E28DC5FEF}.Release|x64.Build.0 = Release|x64
		{2828751B-0A06-4C54-9918-610E28DC5FEF}.Release|x86.ActiveCfg = Release|Win32
		{2828751B-0A06-4C54-9918-610E28DC5FEF}.Release|x86.Build.0 = Release|Win32
		{94AFFF21-16C3-4671-8D32-7CCA871E354A}.Debug|Any CPU.ActiveCfg = Debug|Win32
		{94AFFF21-16C3-4671-8D32-7CCA871E354A}.Debug|Any CPU.Build.0 = Debug|Win32
		{94AFFF21-16C3-4671-8D32-7CCA871E354A}.Debug|x64.ActiveCfg = Debug|x64
		{94AFFF21-16C3-4671-8D32-7CCA871E354A}.Debug|x64.Build.0 = Debug|x64
		{94AFFF21-16C3-4671-8D32-7CCA871E354A}.Debug|x86.ActiveCfg = Debug|Win32
		{94AFFF21-16C3-4671-8D32-7CCA871E354A}.Debug|x86.Build.0 = Debug|Win32
		{94AFFF21-16C3-4671-8D32-7CCA871E354A}.Release|Any CPU.ActiveCfg = Release|Win32
		{94AFFF21-16C3-4671-8D32-7CCA871E354A}.Release|x64.ActiveCfg = Release|x64
		{94AFFF21-16C3-4671-8D32-7CCA871E354A}.Release|x64.Build.0 = Release|x64
		{94AFFF21-16C3-4671-8D32-7CCA871E354A}.Release|x86.ActiveCfg = Release|Win32
		{94AFFF21-16C3-4671-8D32-7CCA871E354A}.Release|x86.Build.0 = Release|Win32
	EndGlobalSection
	GlobalSection(SolutionProperties) = preSolution
		HideSolutionNode = FALSE
	EndGlobalSection
	GlobalSection(ExtensibilityGlobals) = postSolution
		SolutionGuid = {85099509-E6BE-493F-9C77-1E4BDCAF1529}
	EndGlobalSection
EndGlobal
