
Microsoft Visual Studio Solution File, Format Version 12.00
# Visual Studio 15
VisualStudioVersion = 15.0.28307.421
MinimumVisualStudioVersion = 10.0.40219.1
Project("{FAE04EC0-301F-11D3-BF4B-00C04F79EFBC}") = "MessagePackSample", "MessagePackSample\MessagePackSample.csproj", "{30912D56-F854-45B8-A246-E87F90F38FE8}"
EndProject
Project("{FAE04EC0-301F-11D3-BF4B-00C04F79EFBC}") = "MessagePackSample2", "MessagePackSample2\MessagePackSample2.csproj", "{4048A034-627B-4424-B0C4-12B13886477F}"
EndProject
Global
	GlobalSection(SolutionConfigurationPlatforms) = preSolution
		Debug|Any CPU = Debug|Any CPU
		Release|Any CPU = Release|Any CPU
	EndGlobalSection
	GlobalSection(ProjectConfigurationPlatforms) = postSolution
		{30912D56-F854-45B8-A246-E87F90F38FE8}.Debug|Any CPU.ActiveCfg = Debug|Any CPU
		{30912D56-F854-45B8-A246-E87F90F38FE8}.Debug|Any CPU.Build.0 = Debug|Any CPU
		{30912D56-F854-45B8-A246-E87F90F38FE8}.Release|Any CPU.ActiveCfg = Release|Any CPU
		{30912D56-F854-45B8-A246-E87F90F38FE8}.Release|Any CPU.Build.0 = Release|Any CPU
		{4048A034-627B-4424-B0C4-12B13886477F}.Debug|Any CPU.ActiveCfg = Debug|Any CPU
		{4048A034-627B-4424-B0C4-12B13886477F}.Debug|Any CPU.Build.0 = Debug|Any CPU
		{4048A034-627B-4424-B0C4-12B13886477F}.Release|Any CPU.ActiveCfg = Release|Any CPU
		{4048A034-627B-4424-B0C4-12B13886477F}.Release|Any CPU.Build.0 = Release|Any CPU
	EndGlobalSection
	GlobalSection(SolutionProperties) = preSolution
		HideSolutionNode = FALSE
	EndGlobalSection
	GlobalSection(ExtensibilityGlobals) = postSolution
		SolutionGuid = {E8569391-B389-49BD-A10E-E9DBA1426345}
	EndGlobalSection
EndGlobal
