
Microsoft Visual Studio Solution File, Format Version 12.00
# Visual Studio 15
VisualStudioVersion = 15.0.28307.421
MinimumVisualStudioVersion = 10.0.40219.1
Project("{FAE04EC0-301F-11D3-BF4B-00C04F79EFBC}") = "VSImageLibrarySample", "VSImageLibrarySample\VSImageLibrarySample.csproj", "{393FD00F-1196-4856-A1A0-1D7B11DF3E87}"
EndProject
Global
	GlobalSection(SolutionConfigurationPlatforms) = preSolution
		Debug|Any CPU = Debug|Any CPU
		Release|Any CPU = Release|Any CPU
	EndGlobalSection
	GlobalSection(ProjectConfigurationPlatforms) = postSolution
		{393FD00F-1196-4856-A1A0-1D7B11DF3E87}.Debug|Any CPU.ActiveCfg = Debug|Any CPU
		{393FD00F-1196-4856-A1A0-1D7B11DF3E87}.Debug|Any CPU.Build.0 = Debug|Any CPU
		{393FD00F-1196-4856-A1A0-1D7B11DF3E87}.Release|Any CPU.ActiveCfg = Release|Any CPU
		{393FD00F-1196-4856-A1A0-1D7B11DF3E87}.Release|Any CPU.Build.0 = Release|Any CPU
	EndGlobalSection
	GlobalSection(SolutionProperties) = preSolution
		HideSolutionNode = FALSE
	EndGlobalSection
	GlobalSection(ExtensibilityGlobals) = postSolution
		SolutionGuid = {6BFB6604-DADC-4CDE-8EA7-7CCFBB7D6604}
	EndGlobalSection
EndGlobal
