
Microsoft Visual Studio Solution File, Format Version 12.00
# Visual Studio 15
VisualStudioVersion = 15.0.28307.1267
MinimumVisualStudioVersion = 10.0.40219.1
Project("{FAE04EC0-301F-11D3-BF4B-00C04F79EFBC}") = "ProcessInfo", "ProcessInfo\ProcessInfo.csproj", "{15B8334B-88FA-4CA9-BAF3-E1A275473589}"
EndProject
Global
	GlobalSection(SolutionConfigurationPlatforms) = preSolution
		Debug|Any CPU = Debug|Any CPU
		Release|Any CPU = Release|Any CPU
	EndGlobalSection
	GlobalSection(ProjectConfigurationPlatforms) = postSolution
		{15B8334B-88FA-4CA9-BAF3-E1A275473589}.Debug|Any CPU.ActiveCfg = Debug|Any CPU
		{15B8334B-88FA-4CA9-BAF3-E1A275473589}.Debug|Any CPU.Build.0 = Debug|Any CPU
		{15B8334B-88FA-4CA9-BAF3-E1A275473589}.Release|Any CPU.ActiveCfg = Release|Any CPU
		{15B8334B-88FA-4CA9-BAF3-E1A275473589}.Release|Any CPU.Build.0 = Release|Any CPU
	EndGlobalSection
	GlobalSection(SolutionProperties) = preSolution
		HideSolutionNode = FALSE
	EndGlobalSection
	GlobalSection(ExtensibilityGlobals) = postSolution
		SolutionGuid = {4667AC3D-3891-442C-BAB2-A6E231472618}
	EndGlobalSection
EndGlobal
