
Microsoft Visual Studio Solution File, Format Version 12.00
# Visual Studio 15
VisualStudioVersion = 15.0.27703.2026
MinimumVisualStudioVersion = 10.0.40219.1
Project("{FAE04EC0-301F-11D3-BF4B-00C04F79EFBC}") = "IpcSample.Shared", "IpcSample.Shared\IpcSample.Shared.csproj", "{EAD2BE7B-AF6F-41FF-8620-C4C04374D3B4}"
EndProject
Project("{FAE04EC0-301F-11D3-BF4B-00C04F79EFBC}") = "IpcSample.Server", "IpcSample.Server\IpcSample.Server.csproj", "{17516780-1D6F-482E-9187-0F6B6E19473D}"
EndProject
Project("{FAE04EC0-301F-11D3-BF4B-00C04F79EFBC}") = "IpcSample.Client", "IpcSample.Client\IpcSample.Client.csproj", "{455B850C-5D72-4B28-8A10-57F26A7E1C3C}"
EndProject
Project("{8BC9CEB8-8B4A-11D0-8D11-00A0C91BC942}") = "IpcSample.CLRConsole", "IpcSample.CLRConsole\IpcSample.CLRConsole.vcxproj", "{91CCFFF2-6C0F-4758-A85C-14B4C93FBAED}"
EndProject
Project("{2150E333-8FDC-42A3-9474-1A3956D46DE8}") = "Solution Items", "Solution Items", "{90276494-4746-47E8-869E-F6AC56AFF88B}"
	ProjectSection(SolutionItems) = preProject
		README.md = README.md
	EndProjectSection
EndProject
Project("{8BC9CEB8-8B4A-11D0-8D11-00A0C91BC942}") = "IpcSample.CLRLib", "IpcSample.CLRLib\IpcSample.CLRLib.vcxproj", "{560D0B9E-3E8E-4DB5-8E77-8CCBDCF3DFC8}"
EndProject
Project("{8BC9CEB8-8B4A-11D0-8D11-00A0C91BC942}") = "IpcSample.CLRServer", "IpcSample.CLRServer\IpcSample.CLRServer.vcxproj", "{DA08B600-2E56-4C80-B4E8-2473529A1E36}"
EndProject
Project("{2150E333-8FDC-42A3-9474-1A3956D46DE8}") = "01 CSharp Implementation", "01 CSharp Implementation", "{7839DE85-045D-48B0-B93F-FA6D467293FA}"
EndProject
Project("{2150E333-8FDC-42A3-9474-1A3956D46DE8}") = "02 CLI Implementation", "02 CLI Implementation", "{13D6C5E0-0CBE-4CDB-B22F-2C5CEA99CD93}"
EndProject
Project("{8BC9CEB8-8B4A-11D0-8D11-00A0C91BC942}") = "IpcSample.CLRClient", "IpcSample.CLRClient\IpcSample.CLRClient.vcxproj", "{40FBFC55-9D4C-4198-BC54-6D5333471A07}"
EndProject
Global
	GlobalSection(SolutionConfigurationPlatforms) = preSolution
		Debug|Any CPU = Debug|Any CPU
		Debug|x64 = Debug|x64
		Debug|x86 = Debug|x86
		Release|Any CPU = Release|Any CPU
		Release|x64 = Release|x64
		Release|x86 = Release|x86
	EndGlobalSection
	GlobalSection(ProjectConfigurationPlatforms) = postSolution
		{EAD2BE7B-AF6F-41FF-8620-C4C04374D3B4}.Debug|Any CPU.ActiveCfg = Debug|Any CPU
		{EAD2BE7B-AF6F-41FF-8620-C4C04374D3B4}.Debug|Any CPU.Build.0 = Debug|Any CPU
		{EAD2BE7B-AF6F-41FF-8620-C4C04374D3B4}.Debug|x64.ActiveCfg = Debug|Any CPU
		{EAD2BE7B-AF6F-41FF-8620-C4C04374D3B4}.Debug|x64.Build.0 = Debug|Any CPU
		{EAD2BE7B-AF6F-41FF-8620-C4C04374D3B4}.Debug|x86.ActiveCfg = Debug|Any CPU
		{EAD2BE7B-AF6F-41FF-8620-C4C04374D3B4}.Debug|x86.Build.0 = Debug|Any CPU
		{EAD2BE7B-AF6F-41FF-8620-C4C04374D3B4}.Release|Any CPU.ActiveCfg = Debug|Any CPU
		{EAD2BE7B-AF6F-41FF-8620-C4C04374D3B4}.Release|Any CPU.Build.0 = Debug|Any CPU
		{EAD2BE7B-AF6F-41FF-8620-C4C04374D3B4}.Release|x64.ActiveCfg = Release|Any CPU
		{EAD2BE7B-AF6F-41FF-8620-C4C04374D3B4}.Release|x64.Build.0 = Release|Any CPU
		{EAD2BE7B-AF6F-41FF-8620-C4C04374D3B4}.Release|x86.ActiveCfg = Release|Any CPU
		{EAD2BE7B-AF6F-41FF-8620-C4C04374D3B4}.Release|x86.Build.0 = Release|Any CPU
		{17516780-1D6F-482E-9187-0F6B6E19473D}.Debug|Any CPU.ActiveCfg = Debug|Any CPU
		{17516780-1D6F-482E-9187-0F6B6E19473D}.Debug|Any CPU.Build.0 = Debug|Any CPU
		{17516780-1D6F-482E-9187-0F6B6E19473D}.Debug|x64.ActiveCfg = Debug|Any CPU
		{17516780-1D6F-482E-9187-0F6B6E19473D}.Debug|x64.Build.0 = Debug|Any CPU
		{17516780-1D6F-482E-9187-0F6B6E19473D}.Debug|x86.ActiveCfg = Debug|Any CPU
		{17516780-1D6F-482E-9187-0F6B6E19473D}.Debug|x86.Build.0 = Debug|Any CPU
		{17516780-1D6F-482E-9187-0F6B6E19473D}.Release|Any CPU.ActiveCfg = Debug|Any CPU
		{17516780-1D6F-482E-9187-0F6B6E19473D}.Release|Any CPU.Build.0 = Debug|Any CPU
		{17516780-1D6F-482E-9187-0F6B6E19473D}.Release|x64.ActiveCfg = Release|Any CPU
		{17516780-1D6F-482E-9187-0F6B6E19473D}.Release|x64.Build.0 = Release|Any CPU
		{17516780-1D6F-482E-9187-0F6B6E19473D}.Release|x86.ActiveCfg = Release|Any CPU
		{17516780-1D6F-482E-9187-0F6B6E19473D}.Release|x86.Build.0 = Release|Any CPU
		{455B850C-5D72-4B28-8A10-57F26A7E1C3C}.Debug|Any CPU.ActiveCfg = Debug|Any CPU
		{455B850C-5D72-4B28-8A10-57F26A7E1C3C}.Debug|Any CPU.Build.0 = Debug|Any CPU
		{455B850C-5D72-4B28-8A10-57F26A7E1C3C}.Debug|x64.ActiveCfg = Debug|Any CPU
		{455B850C-5D72-4B28-8A10-57F26A7E1C3C}.Debug|x64.Build.0 = Debug|Any CPU
		{455B850C-5D72-4B28-8A10-57F26A7E1C3C}.Debug|x86.ActiveCfg = Debug|Any CPU
		{455B850C-5D72-4B28-8A10-57F26A7E1C3C}.Debug|x86.Build.0 = Debug|Any CPU
		{455B850C-5D72-4B28-8A10-57F26A7E1C3C}.Release|Any CPU.ActiveCfg = Debug|Any CPU
		{455B850C-5D72-4B28-8A10-57F26A7E1C3C}.Release|Any CPU.Build.0 = Debug|Any CPU
		{455B850C-5D72-4B28-8A10-57F26A7E1C3C}.Release|x64.ActiveCfg = Release|Any CPU
		{455B850C-5D72-4B28-8A10-57F26A7E1C3C}.Release|x64.Build.0 = Release|Any CPU
		{455B850C-5D72-4B28-8A10-57F26A7E1C3C}.Release|x86.ActiveCfg = Release|Any CPU
		{455B850C-5D72-4B28-8A10-57F26A7E1C3C}.Release|x86.Build.0 = Release|Any CPU
		{91CCFFF2-6C0F-4758-A85C-14B4C93FBAED}.Debug|Any CPU.ActiveCfg = Debug|Win32
		{91CCFFF2-6C0F-4758-A85C-14B4C93FBAED}.Debug|Any CPU.Build.0 = Debug|Win32
		{91CCFFF2-6C0F-4758-A85C-14B4C93FBAED}.Debug|x64.ActiveCfg = Debug|x64
		{91CCFFF2-6C0F-4758-A85C-14B4C93FBAED}.Debug|x64.Build.0 = Debug|x64
		{91CCFFF2-6C0F-4758-A85C-14B4C93FBAED}.Debug|x86.ActiveCfg = Debug|Win32
		{91CCFFF2-6C0F-4758-A85C-14B4C93FBAED}.Debug|x86.Build.0 = Debug|Win32
		{91CCFFF2-6C0F-4758-A85C-14B4C93FBAED}.Release|Any CPU.ActiveCfg = Debug|Win32
		{91CCFFF2-6C0F-4758-A85C-14B4C93FBAED}.Release|Any CPU.Build.0 = Debug|Win32
		{91CCFFF2-6C0F-4758-A85C-14B4C93FBAED}.Release|x64.ActiveCfg = Release|x64
		{91CCFFF2-6C0F-4758-A85C-14B4C93FBAED}.Release|x64.Build.0 = Release|x64
		{91CCFFF2-6C0F-4758-A85C-14B4C93FBAED}.Release|x86.ActiveCfg = Release|Win32
		{91CCFFF2-6C0F-4758-A85C-14B4C93FBAED}.Release|x86.Build.0 = Release|Win32
		{560D0B9E-3E8E-4DB5-8E77-8CCBDCF3DFC8}.Debug|Any CPU.ActiveCfg = Debug|Win32
		{560D0B9E-3E8E-4DB5-8E77-8CCBDCF3DFC8}.Debug|Any CPU.Build.0 = Debug|Win32
		{560D0B9E-3E8E-4DB5-8E77-8CCBDCF3DFC8}.Debug|x64.ActiveCfg = Debug|x64
		{560D0B9E-3E8E-4DB5-8E77-8CCBDCF3DFC8}.Debug|x64.Build.0 = Debug|x64
		{560D0B9E-3E8E-4DB5-8E77-8CCBDCF3DFC8}.Debug|x86.ActiveCfg = Debug|Win32
		{560D0B9E-3E8E-4DB5-8E77-8CCBDCF3DFC8}.Debug|x86.Build.0 = Debug|Win32
		{560D0B9E-3E8E-4DB5-8E77-8CCBDCF3DFC8}.Release|Any CPU.ActiveCfg = Debug|Win32
		{560D0B9E-3E8E-4DB5-8E77-8CCBDCF3DFC8}.Release|Any CPU.Build.0 = Debug|Win32
		{560D0B9E-3E8E-4DB5-8E77-8CCBDCF3DFC8}.Release|x64.ActiveCfg = Release|x64
		{560D0B9E-3E8E-4DB5-8E77-8CCBDCF3DFC8}.Release|x64.Build.0 = Release|x64
		{560D0B9E-3E8E-4DB5-8E77-8CCBDCF3DFC8}.Release|x86.ActiveCfg = Release|Win32
		{560D0B9E-3E8E-4DB5-8E77-8CCBDCF3DFC8}.Release|x86.Build.0 = Release|Win32
		{DA08B600-2E56-4C80-B4E8-2473529A1E36}.Debug|Any CPU.ActiveCfg = Debug|Win32
		{DA08B600-2E56-4C80-B4E8-2473529A1E36}.Debug|Any CPU.Build.0 = Debug|Win32
		{DA08B600-2E56-4C80-B4E8-2473529A1E36}.Debug|x64.ActiveCfg = Debug|x64
		{DA08B600-2E56-4C80-B4E8-2473529A1E36}.Debug|x64.Build.0 = Debug|x64
		{DA08B600-2E56-4C80-B4E8-2473529A1E36}.Debug|x86.ActiveCfg = Debug|Win32
		{DA08B600-2E56-4C80-B4E8-2473529A1E36}.Debug|x86.Build.0 = Debug|Win32
		{DA08B600-2E56-4C80-B4E8-2473529A1E36}.Release|Any CPU.ActiveCfg = Debug|Win32
		{DA08B600-2E56-4C80-B4E8-2473529A1E36}.Release|Any CPU.Build.0 = Debug|Win32
		{DA08B600-2E56-4C80-B4E8-2473529A1E36}.Release|x64.ActiveCfg = Release|x64
		{DA08B600-2E56-4C80-B4E8-2473529A1E36}.Release|x64.Build.0 = Release|x64
		{DA08B600-2E56-4C80-B4E8-2473529A1E36}.Release|x86.ActiveCfg = Release|Win32
		{DA08B600-2E56-4C80-B4E8-2473529A1E36}.Release|x86.Build.0 = Release|Win32
		{40FBFC55-9D4C-4198-BC54-6D5333471A07}.Debug|Any CPU.ActiveCfg = Debug|Win32
		{40FBFC55-9D4C-4198-BC54-6D5333471A07}.Debug|Any CPU.Build.0 = Debug|Win32
		{40FBFC55-9D4C-4198-BC54-6D5333471A07}.Debug|x64.ActiveCfg = Debug|x64
		{40FBFC55-9D4C-4198-BC54-6D5333471A07}.Debug|x64.Build.0 = Debug|x64
		{40FBFC55-9D4C-4198-BC54-6D5333471A07}.Debug|x86.ActiveCfg = Debug|Win32
		{40FBFC55-9D4C-4198-BC54-6D5333471A07}.Debug|x86.Build.0 = Debug|Win32
		{40FBFC55-9D4C-4198-BC54-6D5333471A07}.Release|Any CPU.ActiveCfg = Release|Win32
		{40FBFC55-9D4C-4198-BC54-6D5333471A07}.Release|x64.ActiveCfg = Release|x64
		{40FBFC55-9D4C-4198-BC54-6D5333471A07}.Release|x64.Build.0 = Release|x64
		{40FBFC55-9D4C-4198-BC54-6D5333471A07}.Release|x86.ActiveCfg = Release|Win32
		{40FBFC55-9D4C-4198-BC54-6D5333471A07}.Release|x86.Build.0 = Release|Win32
	EndGlobalSection
	GlobalSection(SolutionProperties) = preSolution
		HideSolutionNode = FALSE
	EndGlobalSection
	GlobalSection(NestedProjects) = preSolution
		{EAD2BE7B-AF6F-41FF-8620-C4C04374D3B4} = {7839DE85-045D-48B0-B93F-FA6D467293FA}
		{17516780-1D6F-482E-9187-0F6B6E19473D} = {7839DE85-045D-48B0-B93F-FA6D467293FA}
		{455B850C-5D72-4B28-8A10-57F26A7E1C3C} = {7839DE85-045D-48B0-B93F-FA6D467293FA}
		{91CCFFF2-6C0F-4758-A85C-14B4C93FBAED} = {7839DE85-045D-48B0-B93F-FA6D467293FA}
		{560D0B9E-3E8E-4DB5-8E77-8CCBDCF3DFC8} = {13D6C5E0-0CBE-4CDB-B22F-2C5CEA99CD93}
		{DA08B600-2E56-4C80-B4E8-2473529A1E36} = {13D6C5E0-0CBE-4CDB-B22F-2C5CEA99CD93}
		{40FBFC55-9D4C-4198-BC54-6D5333471A07} = {13D6C5E0-0CBE-4CDB-B22F-2C5CEA99CD93}
	EndGlobalSection
	GlobalSection(ExtensibilityGlobals) = postSolution
		SolutionGuid = {2F18ABDC-25F3-4FC8-B6E0-722CB965EB90}
	EndGlobalSection
EndGlobal
