
Microsoft Visual Studio Solution File, Format Version 12.00
# Visual Studio 15
VisualStudioVersion = 15.0.28307.705
MinimumVisualStudioVersion = 10.0.40219.1
Project("{FAE04EC0-301F-11D3-BF4B-00C04F79EFBC}") = "InteractionRequestDialog", "InteractionRequestDialog\InteractionRequestDialog.csproj", "{3EA14C85-8BA3-4538-AD26-08A528E2B797}"
EndProject
Project("{FAE04EC0-301F-11D3-BF4B-00C04F79EFBC}") = "InteractionRequestDialog2", "InteractionRequestDialog2\InteractionRequestDialog2.csproj", "{6432785E-80EE-4C8B-B072-EB8E79225334}"
EndProject
Project("{FAE04EC0-301F-11D3-BF4B-00C04F79EFBC}") = "MessageBoxService", "MessageBoxService\MessageBoxService.csproj", "{5E5CA4AE-089C-4C3A-B092-11FAE19130BC}"
EndProject
Global
	GlobalSection(SolutionConfigurationPlatforms) = preSolution
		Debug|Any CPU = Debug|Any CPU
		Release|Any CPU = Release|Any CPU
	EndGlobalSection
	GlobalSection(ProjectConfigurationPlatforms) = postSolution
		{3EA14C85-8BA3-4538-AD26-08A528E2B797}.Debug|Any CPU.ActiveCfg = Debug|Any CPU
		{3EA14C85-8BA3-4538-AD26-08A528E2B797}.Debug|Any CPU.Build.0 = Debug|Any CPU
		{3EA14C85-8BA3-4538-AD26-08A528E2B797}.Release|Any CPU.ActiveCfg = Release|Any CPU
		{3EA14C85-8BA3-4538-AD26-08A528E2B797}.Release|Any CPU.Build.0 = Release|Any CPU
		{6432785E-80EE-4C8B-B072-EB8E79225334}.Debug|Any CPU.ActiveCfg = Debug|Any CPU
		{6432785E-80EE-4C8B-B072-EB8E79225334}.Debug|Any CPU.Build.0 = Debug|Any CPU
		{6432785E-80EE-4C8B-B072-EB8E79225334}.Release|Any CPU.ActiveCfg = Release|Any CPU
		{6432785E-80EE-4C8B-B072-EB8E79225334}.Release|Any CPU.Build.0 = Release|Any CPU
		{5E5CA4AE-089C-4C3A-B092-11FAE19130BC}.Debug|Any CPU.ActiveCfg = Debug|Any CPU
		{5E5CA4AE-089C-4C3A-B092-11FAE19130BC}.Debug|Any CPU.Build.0 = Debug|Any CPU
		{5E5CA4AE-089C-4C3A-B092-11FAE19130BC}.Release|Any CPU.ActiveCfg = Release|Any CPU
		{5E5CA4AE-089C-4C3A-B092-11FAE19130BC}.Release|Any CPU.Build.0 = Release|Any CPU
	EndGlobalSection
	GlobalSection(SolutionProperties) = preSolution
		HideSolutionNode = FALSE
	EndGlobalSection
	GlobalSection(ExtensibilityGlobals) = postSolution
		SolutionGuid = {3DABBD15-4E14-47CD-8161-67C76F7B22CF}
	EndGlobalSection
EndGlobal
