
Microsoft Visual Studio Solution File, Format Version 12.00
# Visual Studio 15
VisualStudioVersion = 15.0.27703.2026
MinimumVisualStudioVersion = 10.0.40219.1
Project("{FAE04EC0-301F-11D3-BF4B-00C04F79EFBC}") = "LINQSample", "LINQSample\LINQSample.csproj", "{5803D03D-637A-47B7-8B02-4FAD1849EDF9}"
EndProject
Project("{2150E333-8FDC-42A3-9474-1A3956D46DE8}") = "Solution Items", "Solution Items", "{29C2F6DF-FE8F-401E-8E92-2D04112B8371}"
	ProjectSection(SolutionItems) = preProject
		README.md = README.md
	EndProjectSection
EndProject
Project("{FAE04EC0-301F-11D3-BF4B-00C04F79EFBC}") = "ChunkSample", "ChunkSample\ChunkSample.csproj", "{333D5034-B346-4FB1-B492-968E1292F654}"
EndProject
Global
	GlobalSection(SolutionConfigurationPlatforms) = preSolution
		Debug|Any CPU = Debug|Any CPU
		Release|Any CPU = Release|Any CPU
	EndGlobalSection
	GlobalSection(ProjectConfigurationPlatforms) = postSolution
		{5803D03D-637A-47B7-8B02-4FAD1849EDF9}.Debug|Any CPU.ActiveCfg = Debug|Any CPU
		{5803D03D-637A-47B7-8B02-4FAD1849EDF9}.Debug|Any CPU.Build.0 = Debug|Any CPU
		{5803D03D-637A-47B7-8B02-4FAD1849EDF9}.Release|Any CPU.ActiveCfg = Release|Any CPU
		{5803D03D-637A-47B7-8B02-4FAD1849EDF9}.Release|Any CPU.Build.0 = Release|Any CPU
		{333D5034-B346-4FB1-B492-968E1292F654}.Debug|Any CPU.ActiveCfg = Debug|Any CPU
		{333D5034-B346-4FB1-B492-968E1292F654}.Debug|Any CPU.Build.0 = Debug|Any CPU
		{333D5034-B346-4FB1-B492-968E1292F654}.Release|Any CPU.ActiveCfg = Release|Any CPU
		{333D5034-B346-4FB1-B492-968E1292F654}.Release|Any CPU.Build.0 = Release|Any CPU
	EndGlobalSection
	GlobalSection(SolutionProperties) = preSolution
		HideSolutionNode = FALSE
	EndGlobalSection
	GlobalSection(ExtensibilityGlobals) = postSolution
		SolutionGuid = {BC497A3B-E450-47C4-9A0B-FEEE640DD3DD}
	EndGlobalSection
EndGlobal
