
Microsoft Visual Studio Solution File, Format Version 12.00
# Visual Studio 15
VisualStudioVersion = 15.0.28307.421
MinimumVisualStudioVersion = 10.0.40219.1
Project("{FAE04EC0-301F-11D3-BF4B-00C04F79EFBC}") = "AttributeSample", "AttributeSample\AttributeSample.csproj", "{8EAE7234-F5E6-4CF8-A272-90F756022A8D}"
EndProject
Global
	GlobalSection(SolutionConfigurationPlatforms) = preSolution
		Debug|Any CPU = Debug|Any CPU
		Release|Any CPU = Release|Any CPU
	EndGlobalSection
	GlobalSection(ProjectConfigurationPlatforms) = postSolution
		{8EAE7234-F5E6-4CF8-A272-90F756022A8D}.Debug|Any CPU.ActiveCfg = Debug|Any CPU
		{8EAE7234-F5E6-4CF8-A272-90F756022A8D}.Debug|Any CPU.Build.0 = Debug|Any CPU
		{8EAE7234-F5E6-4CF8-A272-90F756022A8D}.Release|Any CPU.ActiveCfg = Release|Any CPU
		{8EAE7234-F5E6-4CF8-A272-90F756022A8D}.Release|Any CPU.Build.0 = Release|Any CPU
	EndGlobalSection
	GlobalSection(SolutionProperties) = preSolution
		HideSolutionNode = FALSE
	EndGlobalSection
	GlobalSection(ExtensibilityGlobals) = postSolution
		SolutionGuid = {27896CA5-5FD9-4FED-998F-42046A7BFA0B}
	EndGlobalSection
EndGlobal
