
Microsoft Visual Studio Solution File, Format Version 12.00
# Visual Studio 15
VisualStudioVersion = 15.0.27703.2026
MinimumVisualStudioVersion = 10.0.40219.1
Project("{FAE04EC0-301F-11D3-BF4B-00C04F79EFBC}") = "LiveChartsSample", "LiveChartsSample\LiveChartsSample.csproj", "{0C80A12B-FF42-4C9A-BA11-34B6129A4005}"
EndProject
Project("{FAE04EC0-301F-11D3-BF4B-00C04F79EFBC}") = "LiveChartsSample2", "LiveChartsSample2\LiveChartsSample2.csproj", "{35075E24-AF77-49CA-AAEC-64C7186EA3E3}"
EndProject
Project("{FAE04EC0-301F-11D3-BF4B-00C04F79EFBC}") = "ZoomSample", "ZoomSample\ZoomSample.csproj", "{0B14B7AD-4ABD-425B-A2C7-EAAFA003C8A2}"
EndProject
Global
	GlobalSection(SolutionConfigurationPlatforms) = preSolution
		Debug|Any CPU = Debug|Any CPU
		Release|Any CPU = Release|Any CPU
	EndGlobalSection
	GlobalSection(ProjectConfigurationPlatforms) = postSolution
		{0C80A12B-FF42-4C9A-BA11-34B6129A4005}.Debug|Any CPU.ActiveCfg = Debug|Any CPU
		{0C80A12B-FF42-4C9A-BA11-34B6129A4005}.Debug|Any CPU.Build.0 = Debug|Any CPU
		{0C80A12B-FF42-4C9A-BA11-34B6129A4005}.Release|Any CPU.ActiveCfg = Release|Any CPU
		{0C80A12B-FF42-4C9A-BA11-34B6129A4005}.Release|Any CPU.Build.0 = Release|Any CPU
		{35075E24-AF77-49CA-AAEC-64C7186EA3E3}.Debug|Any CPU.ActiveCfg = Debug|Any CPU
		{35075E24-AF77-49CA-AAEC-64C7186EA3E3}.Debug|Any CPU.Build.0 = Debug|Any CPU
		{35075E24-AF77-49CA-AAEC-64C7186EA3E3}.Release|Any CPU.ActiveCfg = Release|Any CPU
		{35075E24-AF77-49CA-AAEC-64C7186EA3E3}.Release|Any CPU.Build.0 = Release|Any CPU
		{0B14B7AD-4ABD-425B-A2C7-EAAFA003C8A2}.Debug|Any CPU.ActiveCfg = Debug|Any CPU
		{0B14B7AD-4ABD-425B-A2C7-EAAFA003C8A2}.Debug|Any CPU.Build.0 = Debug|Any CPU
		{0B14B7AD-4ABD-425B-A2C7-EAAFA003C8A2}.Release|Any CPU.ActiveCfg = Release|Any CPU
		{0B14B7AD-4ABD-425B-A2C7-EAAFA003C8A2}.Release|Any CPU.Build.0 = Release|Any CPU
	EndGlobalSection
	GlobalSection(SolutionProperties) = preSolution
		HideSolutionNode = FALSE
	EndGlobalSection
	GlobalSection(ExtensibilityGlobals) = postSolution
		SolutionGuid = {9DAD172F-DE5A-4885-BC7F-CD117C651921}
	EndGlobalSection
EndGlobal
