
Microsoft Visual Studio Solution File, Format Version 12.00
# Visual Studio 15
VisualStudioVersion = 15.0.28307.421
MinimumVisualStudioVersion = 10.0.40219.1
Project("{FAE04EC0-301F-11D3-BF4B-00C04F79EFBC}") = "ProtobufSample", "ProtobufSample\ProtobufSample.csproj", "{DA8CBC7D-E147-4B81-8D37-1E245A4FEEE3}"
EndProject
Global
	GlobalSection(SolutionConfigurationPlatforms) = preSolution
		Debug|Any CPU = Debug|Any CPU
		Release|Any CPU = Release|Any CPU
	EndGlobalSection
	GlobalSection(ProjectConfigurationPlatforms) = postSolution
		{DA8CBC7D-E147-4B81-8D37-1E245A4FEEE3}.Debug|Any CPU.ActiveCfg = Debug|Any CPU
		{DA8CBC7D-E147-4B81-8D37-1E245A4FEEE3}.Debug|Any CPU.Build.0 = Debug|Any CPU
		{DA8CBC7D-E147-4B81-8D37-1E245A4FEEE3}.Release|Any CPU.ActiveCfg = Release|Any CPU
		{DA8CBC7D-E147-4B81-8D37-1E245A4FEEE3}.Release|Any CPU.Build.0 = Release|Any CPU
	EndGlobalSection
	GlobalSection(SolutionProperties) = preSolution
		HideSolutionNode = FALSE
	EndGlobalSection
	GlobalSection(ExtensibilityGlobals) = postSolution
		SolutionGuid = {E007D5E6-4419-4B0F-AD75-17A9DFA1717C}
	EndGlobalSection
EndGlobal
