
Microsoft Visual Studio Solution File, Format Version 12.00
# Visual Studio 15
VisualStudioVersion = 15.0.28307.705
MinimumVisualStudioVersion = 10.0.40219.1
Project("{FAE04EC0-301F-11D3-BF4B-00C04F79EFBC}") = "XmlToJsonTest", "XmlToJsonTest\XmlToJsonTest.csproj", "{A05D721E-CBD6-4634-9A0B-ECCD5AB3A511}"
EndProject
Global
	GlobalSection(SolutionConfigurationPlatforms) = preSolution
		Debug|Any CPU = Debug|Any CPU
		Release|Any CPU = Release|Any CPU
	EndGlobalSection
	GlobalSection(ProjectConfigurationPlatforms) = postSolution
		{A05D721E-CBD6-4634-9A0B-ECCD5AB3A511}.Debug|Any CPU.ActiveCfg = Debug|Any CPU
		{A05D721E-CBD6-4634-9A0B-ECCD5AB3A511}.Debug|Any CPU.Build.0 = Debug|Any CPU
		{A05D721E-CBD6-4634-9A0B-ECCD5AB3A511}.Release|Any CPU.ActiveCfg = Release|Any CPU
		{A05D721E-CBD6-4634-9A0B-ECCD5AB3A511}.Release|Any CPU.Build.0 = Release|Any CPU
	EndGlobalSection
	GlobalSection(SolutionProperties) = preSolution
		HideSolutionNode = FALSE
	EndGlobalSection
	GlobalSection(ExtensibilityGlobals) = postSolution
		SolutionGuid = {A28C0AD8-9E44-45DE-82C2-05E8F728033D}
	EndGlobalSection
EndGlobal
