
Microsoft Visual Studio Solution File, Format Version 12.00
# Visual Studio 15
VisualStudioVersion = 15.0.27703.2026
MinimumVisualStudioVersion = 10.0.40219.1
Project("{FAE04EC0-301F-11D3-BF4B-00C04F79EFBC}") = "XamlReader", "XamlReader\XamlReader.csproj", "{B6FA76CE-AA21-42AC-A9C9-A5DDC4737CAD}"
EndProject
Project("{2150E333-8FDC-42A3-9474-1A3956D46DE8}") = "FileDialog", "FileDialog", "{90D9BE6F-869B-4AAA-8D36-3A4CF31AE8AE}"
EndProject
Project("{FAE04EC0-301F-11D3-BF4B-00C04F79EFBC}") = "FileDialog1", "FileDialog\FileDialog1\FileDialog1.csproj", "{6C4C1E5B-B05B-471A-9431-33663AF972E1}"
EndProject
Project("{FAE04EC0-301F-11D3-BF4B-00C04F79EFBC}") = "FileDialog2", "FileDialog\FileDialog2\FileDialog2.csproj", "{1F183A24-DB23-40C5-9D8C-2C1891CA28DD}"
EndProject
Project("{FAE04EC0-301F-11D3-BF4B-00C04F79EFBC}") = "FileDialog3", "FileDialog\FileDialog3\FileDialog3.csproj", "{306D1F3A-1BDD-4A84-8C57-74305F960FB5}"
EndProject
Project("{FAE04EC0-301F-11D3-BF4B-00C04F79EFBC}") = "GridSplitter", "GridSplitter\GridSplitter.csproj", "{A6ABDE97-5095-4735-B4DE-4258FC999BF9}"
EndProject
Project("{2150E333-8FDC-42A3-9474-1A3956D46DE8}") = "EventToCommand", "EventToCommand", "{9517991E-4CB3-488D-B4DD-A707B27D5253}"
EndProject
Project("{FAE04EC0-301F-11D3-BF4B-00C04F79EFBC}") = "InvokeCommandAction", "EventToCommand\InvokeCommandAction\InvokeCommandAction.csproj", "{67C6E542-61E4-4AF3-B022-F3D3B39DEAEF}"
EndProject
Project("{FAE04EC0-301F-11D3-BF4B-00C04F79EFBC}") = "PrismInvokeCommandAction", "EventToCommand\PrismInvokeCommandAction\PrismInvokeCommandAction.csproj", "{0749AF52-2167-4146-811C-A6CAD6A7C098}"
EndProject
Project("{FAE04EC0-301F-11D3-BF4B-00C04F79EFBC}") = "EventToReactiveCommand", "EventToCommand\EventToReactiveCommand\EventToReactiveCommand.csproj", "{E3414FE2-CB3F-4517-86E7-C42981E7279D}"
EndProject
Project("{FAE04EC0-301F-11D3-BF4B-00C04F79EFBC}") = "CallMethodAction", "EventToCommand\CallMethodAction\CallMethodAction.csproj", "{03C2ADEB-D898-4F83-A945-92DE245C89EF}"
EndProject
Project("{2150E333-8FDC-42A3-9474-1A3956D46DE8}") = "DirectoryDialog", "DirectoryDialog", "{95A40A42-CBE1-4785-9150-392245F055DF}"
EndProject
Project("{FAE04EC0-301F-11D3-BF4B-00C04F79EFBC}") = "DirectoryDialog", "DirectoryDialog\DirectoryDialog\DirectoryDialog.csproj", "{3330572D-BA8F-4916-B7AC-98A4966965E1}"
EndProject
Project("{FAE04EC0-301F-11D3-BF4B-00C04F79EFBC}") = "DirectoryDialog2", "DirectoryDialog\DirectoryDialog2\DirectoryDialog2.csproj", "{87D72B69-2452-4F31-A698-990EEA918BF5}"
EndProject
Project("{2150E333-8FDC-42A3-9474-1A3956D46DE8}") = "FileDrop", "FileDrop", "{4732869F-623D-4E9A-84D6-9DC234A61E48}"
EndProject
Project("{FAE04EC0-301F-11D3-BF4B-00C04F79EFBC}") = "FileDrop", "FileDrop\FileDrop\FileDrop.csproj", "{BDC7EBE7-D569-4EFC-BD8D-1EAA4F449210}"
EndProject
Global
	GlobalSection(SolutionConfigurationPlatforms) = preSolution
		Debug|Any CPU = Debug|Any CPU
		Release|Any CPU = Release|Any CPU
	EndGlobalSection
	GlobalSection(ProjectConfigurationPlatforms) = postSolution
		{B6FA76CE-AA21-42AC-A9C9-A5DDC4737CAD}.Debug|Any CPU.ActiveCfg = Debug|Any CPU
		{B6FA76CE-AA21-42AC-A9C9-A5DDC4737CAD}.Debug|Any CPU.Build.0 = Debug|Any CPU
		{B6FA76CE-AA21-42AC-A9C9-A5DDC4737CAD}.Release|Any CPU.ActiveCfg = Release|Any CPU
		{B6FA76CE-AA21-42AC-A9C9-A5DDC4737CAD}.Release|Any CPU.Build.0 = Release|Any CPU
		{6C4C1E5B-B05B-471A-9431-33663AF972E1}.Debug|Any CPU.ActiveCfg = Debug|Any CPU
		{6C4C1E5B-B05B-471A-9431-33663AF972E1}.Debug|Any CPU.Build.0 = Debug|Any CPU
		{6C4C1E5B-B05B-471A-9431-33663AF972E1}.Release|Any CPU.ActiveCfg = Release|Any CPU
		{6C4C1E5B-B05B-471A-9431-33663AF972E1}.Release|Any CPU.Build.0 = Release|Any CPU
		{1F183A24-DB23-40C5-9D8C-2C1891CA28DD}.Debug|Any CPU.ActiveCfg = Debug|Any CPU
		{1F183A24-DB23-40C5-9D8C-2C1891CA28DD}.Debug|Any CPU.Build.0 = Debug|Any CPU
		{1F183A24-DB23-40C5-9D8C-2C1891CA28DD}.Release|Any CPU.ActiveCfg = Release|Any CPU
		{1F183A24-DB23-40C5-9D8C-2C1891CA28DD}.Release|Any CPU.Build.0 = Release|Any CPU
		{306D1F3A-1BDD-4A84-8C57-74305F960FB5}.Debug|Any CPU.ActiveCfg = Debug|Any CPU
		{306D1F3A-1BDD-4A84-8C57-74305F960FB5}.Debug|Any CPU.Build.0 = Debug|Any CPU
		{306D1F3A-1BDD-4A84-8C57-74305F960FB5}.Release|Any CPU.ActiveCfg = Release|Any CPU
		{306D1F3A-1BDD-4A84-8C57-74305F960FB5}.Release|Any CPU.Build.0 = Release|Any CPU
		{A6ABDE97-5095-4735-B4DE-4258FC999BF9}.Debug|Any CPU.ActiveCfg = Debug|Any CPU
		{A6ABDE97-5095-4735-B4DE-4258FC999BF9}.Debug|Any CPU.Build.0 = Debug|Any CPU
		{A6ABDE97-5095-4735-B4DE-4258FC999BF9}.Release|Any CPU.ActiveCfg = Release|Any CPU
		{A6ABDE97-5095-4735-B4DE-4258FC999BF9}.Release|Any CPU.Build.0 = Release|Any CPU
		{67C6E542-61E4-4AF3-B022-F3D3B39DEAEF}.Debug|Any CPU.ActiveCfg = Debug|Any CPU
		{67C6E542-61E4-4AF3-B022-F3D3B39DEAEF}.Debug|Any CPU.Build.0 = Debug|Any CPU
		{67C6E542-61E4-4AF3-B022-F3D3B39DEAEF}.Release|Any CPU.ActiveCfg = Release|Any CPU
		{67C6E542-61E4-4AF3-B022-F3D3B39DEAEF}.Release|Any CPU.Build.0 = Release|Any CPU
		{0749AF52-2167-4146-811C-A6CAD6A7C098}.Debug|Any CPU.ActiveCfg = Debug|Any CPU
		{0749AF52-2167-4146-811C-A6CAD6A7C098}.Debug|Any CPU.Build.0 = Debug|Any CPU
		{0749AF52-2167-4146-811C-A6CAD6A7C098}.Release|Any CPU.ActiveCfg = Release|Any CPU
		{0749AF52-2167-4146-811C-A6CAD6A7C098}.Release|Any CPU.Build.0 = Release|Any CPU
		{E3414FE2-CB3F-4517-86E7-C42981E7279D}.Debug|Any CPU.ActiveCfg = Debug|Any CPU
		{E3414FE2-CB3F-4517-86E7-C42981E7279D}.Debug|Any CPU.Build.0 = Debug|Any CPU
		{E3414FE2-CB3F-4517-86E7-C42981E7279D}.Release|Any CPU.ActiveCfg = Release|Any CPU
		{E3414FE2-CB3F-4517-86E7-C42981E7279D}.Release|Any CPU.Build.0 = Release|Any CPU
		{03C2ADEB-D898-4F83-A945-92DE245C89EF}.Debug|Any CPU.ActiveCfg = Debug|Any CPU
		{03C2ADEB-D898-4F83-A945-92DE245C89EF}.Debug|Any CPU.Build.0 = Debug|Any CPU
		{03C2ADEB-D898-4F83-A945-92DE245C89EF}.Release|Any CPU.ActiveCfg = Release|Any CPU
		{03C2ADEB-D898-4F83-A945-92DE245C89EF}.Release|Any CPU.Build.0 = Release|Any CPU
		{3330572D-BA8F-4916-B7AC-98A4966965E1}.Debug|Any CPU.ActiveCfg = Debug|Any CPU
		{3330572D-BA8F-4916-B7AC-98A4966965E1}.Debug|Any CPU.Build.0 = Debug|Any CPU
		{3330572D-BA8F-4916-B7AC-98A4966965E1}.Release|Any CPU.ActiveCfg = Release|Any CPU
		{3330572D-BA8F-4916-B7AC-98A4966965E1}.Release|Any CPU.Build.0 = Release|Any CPU
		{87D72B69-2452-4F31-A698-990EEA918BF5}.Debug|Any CPU.ActiveCfg = Debug|Any CPU
		{87D72B69-2452-4F31-A698-990EEA918BF5}.Debug|Any CPU.Build.0 = Debug|Any CPU
		{87D72B69-2452-4F31-A698-990EEA918BF5}.Release|Any CPU.ActiveCfg = Release|Any CPU
		{87D72B69-2452-4F31-A698-990EEA918BF5}.Release|Any CPU.Build.0 = Release|Any CPU
		{BDC7EBE7-D569-4EFC-BD8D-1EAA4F449210}.Debug|Any CPU.ActiveCfg = Debug|Any CPU
		{BDC7EBE7-D569-4EFC-BD8D-1EAA4F449210}.Debug|Any CPU.Build.0 = Debug|Any CPU
		{BDC7EBE7-D569-4EFC-BD8D-1EAA4F449210}.Release|Any CPU.ActiveCfg = Release|Any CPU
		{BDC7EBE7-D569-4EFC-BD8D-1EAA4F449210}.Release|Any CPU.Build.0 = Release|Any CPU
	EndGlobalSection
	GlobalSection(SolutionProperties) = preSolution
		HideSolutionNode = FALSE
	EndGlobalSection
	GlobalSection(NestedProjects) = preSolution
		{6C4C1E5B-B05B-471A-9431-33663AF972E1} = {90D9BE6F-869B-4AAA-8D36-3A4CF31AE8AE}
		{1F183A24-DB23-40C5-9D8C-2C1891CA28DD} = {90D9BE6F-869B-4AAA-8D36-3A4CF31AE8AE}
		{306D1F3A-1BDD-4A84-8C57-74305F960FB5} = {90D9BE6F-869B-4AAA-8D36-3A4CF31AE8AE}
		{67C6E542-61E4-4AF3-B022-F3D3B39DEAEF} = {9517991E-4CB3-488D-B4DD-A707B27D5253}
		{0749AF52-2167-4146-811C-A6CAD6A7C098} = {9517991E-4CB3-488D-B4DD-A707B27D5253}
		{E3414FE2-CB3F-4517-86E7-C42981E7279D} = {9517991E-4CB3-488D-B4DD-A707B27D5253}
		{03C2ADEB-D898-4F83-A945-92DE245C89EF} = {9517991E-4CB3-488D-B4DD-A707B27D5253}
		{3330572D-BA8F-4916-B7AC-98A4966965E1} = {95A40A42-CBE1-4785-9150-392245F055DF}
		{87D72B69-2452-4F31-A698-990EEA918BF5} = {95A40A42-CBE1-4785-9150-392245F055DF}
		{BDC7EBE7-D569-4EFC-BD8D-1EAA4F449210} = {4732869F-623D-4E9A-84D6-9DC234A61E48}
	EndGlobalSection
	GlobalSection(ExtensibilityGlobals) = postSolution
		SolutionGuid = {BDFA6F13-22C2-4C65-8D49-135C4E6BCF5F}
	EndGlobalSection
EndGlobal
