
Microsoft Visual Studio Solution File, Format Version 12.00
# Visual Studio 15
VisualStudioVersion = 15.0.27703.2026
MinimumVisualStudioVersion = 10.0.40219.1
Project("{FAE04EC0-301F-11D3-BF4B-00C04F79EFBC}") = "XamlReader", "XamlReader\XamlReader.csproj", "{B6FA76CE-AA21-42AC-A9C9-A5DDC4737CAD}"
EndProject
Project("{2150E333-8FDC-42A3-9474-1A3956D46DE8}") = "FileDialog", "FileDialog", "{90D9BE6F-869B-4AAA-8D36-3A4CF31AE8AE}"
EndProject
Project("{FAE04EC0-301F-11D3-BF4B-00C04F79EFBC}") = "FileDialog1", "FileDialog\FileDialog1\FileDialog1.csproj", "{6C4C1E5B-B05B-471A-9431-33663AF972E1}"
EndProject
Project("{FAE04EC0-301F-11D3-BF4B-00C04F79EFBC}") = "FileDialog2", "FileDialog\FileDialog2\FileDialog2.csproj", "{1F183A24-DB23-40C5-9D8C-2C1891CA28DD}"
EndProject
Project("{FAE04EC0-301F-11D3-BF4B-00C04F79EFBC}") = "FileDialog3", "FileDialog\FileDialog3\FileDialog3.csproj", "{306D1F3A-1BDD-4A84-8C57-74305F960FB5}"
EndProject
Project("{FAE04EC0-301F-11D3-BF4B-00C04F79EFBC}") = "GridSplitter", "GridSplitter\GridSplitter.csproj", "{A6ABDE97-5095-4735-B4DE-4258FC999BF9}"
EndProject
Global
	GlobalSection(SolutionConfigurationPlatforms) = preSolution
		Debug|Any CPU = Debug|Any CPU
		Release|Any CPU = Release|Any CPU
	EndGlobalSection
	GlobalSection(ProjectConfigurationPlatforms) = postSolution
		{B6FA76CE-AA21-42AC-A9C9-A5DDC4737CAD}.Debug|Any CPU.ActiveCfg = Debug|Any CPU
		{B6FA76CE-AA21-42AC-A9C9-A5DDC4737CAD}.Debug|Any CPU.Build.0 = Debug|Any CPU
		{B6FA76CE-AA21-42AC-A9C9-A5DDC4737CAD}.Release|Any CPU.ActiveCfg = Release|Any CPU
		{B6FA76CE-AA21-42AC-A9C9-A5DDC4737CAD}.Release|Any CPU.Build.0 = Release|Any CPU
		{6C4C1E5B-B05B-471A-9431-33663AF972E1}.Debug|Any CPU.ActiveCfg = Debug|Any CPU
		{6C4C1E5B-B05B-471A-9431-33663AF972E1}.Debug|Any CPU.Build.0 = Debug|Any CPU
		{6C4C1E5B-B05B-471A-9431-33663AF972E1}.Release|Any CPU.ActiveCfg = Release|Any CPU
		{6C4C1E5B-B05B-471A-9431-33663AF972E1}.Release|Any CPU.Build.0 = Release|Any CPU
		{1F183A24-DB23-40C5-9D8C-2C1891CA28DD}.Debug|Any CPU.ActiveCfg = Debug|Any CPU
		{1F183A24-DB23-40C5-9D8C-2C1891CA28DD}.Debug|Any CPU.Build.0 = Debug|Any CPU
		{1F183A24-DB23-40C5-9D8C-2C1891CA28DD}.Release|Any CPU.ActiveCfg = Release|Any CPU
		{1F183A24-DB23-40C5-9D8C-2C1891CA28DD}.Release|Any CPU.Build.0 = Release|Any CPU
		{306D1F3A-1BDD-4A84-8C57-74305F960FB5}.Debug|Any CPU.ActiveCfg = Debug|Any CPU
		{306D1F3A-1BDD-4A84-8C57-74305F960FB5}.Debug|Any CPU.Build.0 = Debug|Any CPU
		{306D1F3A-1BDD-4A84-8C57-74305F960FB5}.Release|Any CPU.ActiveCfg = Release|Any CPU
		{306D1F3A-1BDD-4A84-8C57-74305F960FB5}.Release|Any CPU.Build.0 = Release|Any CPU
		{A6ABDE97-5095-4735-B4DE-4258FC999BF9}.Debug|Any CPU.ActiveCfg = Debug|Any CPU
		{A6ABDE97-5095-4735-B4DE-4258FC999BF9}.Debug|Any CPU.Build.0 = Debug|Any CPU
		{A6ABDE97-5095-4735-B4DE-4258FC999BF9}.Release|Any CPU.ActiveCfg = Release|Any CPU
		{A6ABDE97-5095-4735-B4DE-4258FC999BF9}.Release|Any CPU.Build.0 = Release|Any CPU
	EndGlobalSection
	GlobalSection(SolutionProperties) = preSolution
		HideSolutionNode = FALSE
	EndGlobalSection
	GlobalSection(NestedProjects) = preSolution
		{6C4C1E5B-B05B-471A-9431-33663AF972E1} = {90D9BE6F-869B-4AAA-8D36-3A4CF31AE8AE}
		{1F183A24-DB23-40C5-9D8C-2C1891CA28DD} = {90D9BE6F-869B-4AAA-8D36-3A4CF31AE8AE}
		{306D1F3A-1BDD-4A84-8C57-74305F960FB5} = {90D9BE6F-869B-4AAA-8D36-3A4CF31AE8AE}
	EndGlobalSection
	GlobalSection(ExtensibilityGlobals) = postSolution
		SolutionGuid = {BDFA6F13-22C2-4C65-8D49-135C4E6BCF5F}
	EndGlobalSection
EndGlobal
