
Microsoft Visual Studio Solution File, Format Version 12.00
# Visual Studio 15
VisualStudioVersion = 15.0.28307.1401
MinimumVisualStudioVersion = 10.0.40219.1
Project("{FAE04EC0-301F-11D3-BF4B-00C04F79EFBC}") = "Basic", "Basic\Basic.csproj", "{06E01460-80D7-4203-AEA9-F25A42028855}"
EndProject
Project("{FAE04EC0-301F-11D3-BF4B-00C04F79EFBC}") = "Basic.Server", "Basic.Server\Basic.Server.csproj", "{B4377978-0C91-4D5B-8A22-4CE2AD824AC6}"
EndProject
Project("{FAE04EC0-301F-11D3-BF4B-00C04F79EFBC}") = "Basic.Client", "Basic.Client\Basic.Client.csproj", "{961FF85A-FB38-49C7-B19A-4D9C49006E06}"
EndProject
Global
	GlobalSection(SolutionConfigurationPlatforms) = preSolution
		Debug|Any CPU = Debug|Any CPU
		Release|Any CPU = Release|Any CPU
	EndGlobalSection
	GlobalSection(ProjectConfigurationPlatforms) = postSolution
		{06E01460-80D7-4203-AEA9-F25A42028855}.Debug|Any CPU.ActiveCfg = Debug|Any CPU
		{06E01460-80D7-4203-AEA9-F25A42028855}.Debug|Any CPU.Build.0 = Debug|Any CPU
		{06E01460-80D7-4203-AEA9-F25A42028855}.Release|Any CPU.ActiveCfg = Release|Any CPU
		{06E01460-80D7-4203-AEA9-F25A42028855}.Release|Any CPU.Build.0 = Release|Any CPU
		{B4377978-0C91-4D5B-8A22-4CE2AD824AC6}.Debug|Any CPU.ActiveCfg = Debug|Any CPU
		{B4377978-0C91-4D5B-8A22-4CE2AD824AC6}.Debug|Any CPU.Build.0 = Debug|Any CPU
		{B4377978-0C91-4D5B-8A22-4CE2AD824AC6}.Release|Any CPU.ActiveCfg = Release|Any CPU
		{B4377978-0C91-4D5B-8A22-4CE2AD824AC6}.Release|Any CPU.Build.0 = Release|Any CPU
		{961FF85A-FB38-49C7-B19A-4D9C49006E06}.Debug|Any CPU.ActiveCfg = Debug|Any CPU
		{961FF85A-FB38-49C7-B19A-4D9C49006E06}.Debug|Any CPU.Build.0 = Debug|Any CPU
		{961FF85A-FB38-49C7-B19A-4D9C49006E06}.Release|Any CPU.ActiveCfg = Release|Any CPU
		{961FF85A-FB38-49C7-B19A-4D9C49006E06}.Release|Any CPU.Build.0 = Release|Any CPU
	EndGlobalSection
	GlobalSection(SolutionProperties) = preSolution
		HideSolutionNode = FALSE
	EndGlobalSection
	GlobalSection(ExtensibilityGlobals) = postSolution
		SolutionGuid = {B89ECB55-1128-4021-B979-B6891EF27EAA}
	EndGlobalSection
EndGlobal
