
Microsoft Visual Studio Solution File, Format Version 12.00
# Visual Studio 15
VisualStudioVersion = 15.0.28307.1401
MinimumVisualStudioVersion = 10.0.40219.1
Project("{FAE04EC0-301F-11D3-BF4B-00C04F79EFBC}") = "Basic", "Basic\Basic.csproj", "{06E01460-80D7-4203-AEA9-F25A42028855}"
EndProject
Project("{FAE04EC0-301F-11D3-BF4B-00C04F79EFBC}") = "Basic.Server", "Basic.Server\Basic.Server.csproj", "{B4377978-0C91-4D5B-8A22-4CE2AD824AC6}"
EndProject
Project("{FAE04EC0-301F-11D3-BF4B-00C04F79EFBC}") = "Basic.Client", "Basic.Client\Basic.Client.csproj", "{961FF85A-FB38-49C7-B19A-4D9C49006E06}"
EndProject
Project("{FAE04EC0-301F-11D3-BF4B-00C04F79EFBC}") = "Calculator.Shared", "Calculator.Shared\Calculator.Shared.csproj", "{0D263B9C-AB10-4317-8C21-FBB6A594678B}"
EndProject
Project("{FAE04EC0-301F-11D3-BF4B-00C04F79EFBC}") = "Calculator.Server", "Calculator.Server\Calculator.Server.csproj", "{42956004-500D-45D2-8C4B-9CA32FF4E862}"
EndProject
Project("{FAE04EC0-301F-11D3-BF4B-00C04F79EFBC}") = "Calculator.Client", "Calculator.Client\Calculator.Client.csproj", "{CFBD433A-55E9-42B9-A7F1-6353CB883321}"
EndProject
Project("{FAE04EC0-301F-11D3-BF4B-00C04F79EFBC}") = "MultiService.Proto", "MultiService.Proto\MultiService.Proto.csproj", "{B626FA24-D229-493B-9177-826BCC3B0448}"
EndProject
Project("{FAE04EC0-301F-11D3-BF4B-00C04F79EFBC}") = "MultiService.Server", "MultiService.Server\MultiService.Server.csproj", "{B0A64FF2-0CE7-418F-AD1D-FD0916DE7A6E}"
EndProject
Project("{FAE04EC0-301F-11D3-BF4B-00C04F79EFBC}") = "MultiService.Client", "MultiService.Client\MultiService.Client.csproj", "{C27B1D03-8716-4463-877C-DBE88DCAB58A}"
EndProject
Project("{FAE04EC0-301F-11D3-BF4B-00C04F79EFBC}") = "ServerStreamingRpc.Shared", "ServerStreamingRpc.Shared\ServerStreamingRpc.Shared.csproj", "{1FA9FBC6-8025-48BA-BDF9-5F825151BC26}"
EndProject
Project("{FAE04EC0-301F-11D3-BF4B-00C04F79EFBC}") = "ServerStreamingRpc.Server", "ServerStreamingRpc.Server\ServerStreamingRpc.Server.csproj", "{AAB723C0-2CAD-4DB3-AF8D-62AD01256295}"
EndProject
Project("{FAE04EC0-301F-11D3-BF4B-00C04F79EFBC}") = "ServerStreamingRpc.Client", "ServerStreamingRpc.Client\ServerStreamingRpc.Client.csproj", "{21A9C4EA-C48A-444D-9954-BD0CD0E184CC}"
EndProject
Project("{FAE04EC0-301F-11D3-BF4B-00C04F79EFBC}") = "ClientStreamingRpc.Shared", "ClientStreamingRpc.Shared\ClientStreamingRpc.Shared.csproj", "{BB6FB9B7-8E8F-43D0-9C74-ECD3514CE37D}"
EndProject
Project("{FAE04EC0-301F-11D3-BF4B-00C04F79EFBC}") = "ClientStreamingRpc.Server", "ClientStreamingRpc.Server\ClientStreamingRpc.Server.csproj", "{23691D47-BFF2-475B-AF5E-4CB0A9CBE725}"
EndProject
Project("{FAE04EC0-301F-11D3-BF4B-00C04F79EFBC}") = "ClientStreamingRpc.Client", "ClientStreamingRpc.Client\ClientStreamingRpc.Client.csproj", "{017CD6A7-7D68-43F5-B327-A532DE47E83F}"
EndProject
Global
	GlobalSection(SolutionConfigurationPlatforms) = preSolution
		Debug|Any CPU = Debug|Any CPU
		Release|Any CPU = Release|Any CPU
	EndGlobalSection
	GlobalSection(ProjectConfigurationPlatforms) = postSolution
		{06E01460-80D7-4203-AEA9-F25A42028855}.Debug|Any CPU.ActiveCfg = Debug|Any CPU
		{06E01460-80D7-4203-AEA9-F25A42028855}.Debug|Any CPU.Build.0 = Debug|Any CPU
		{06E01460-80D7-4203-AEA9-F25A42028855}.Release|Any CPU.ActiveCfg = Release|Any CPU
		{06E01460-80D7-4203-AEA9-F25A42028855}.Release|Any CPU.Build.0 = Release|Any CPU
		{B4377978-0C91-4D5B-8A22-4CE2AD824AC6}.Debug|Any CPU.ActiveCfg = Debug|Any CPU
		{B4377978-0C91-4D5B-8A22-4CE2AD824AC6}.Debug|Any CPU.Build.0 = Debug|Any CPU
		{B4377978-0C91-4D5B-8A22-4CE2AD824AC6}.Release|Any CPU.ActiveCfg = Release|Any CPU
		{B4377978-0C91-4D5B-8A22-4CE2AD824AC6}.Release|Any CPU.Build.0 = Release|Any CPU
		{961FF85A-FB38-49C7-B19A-4D9C49006E06}.Debug|Any CPU.ActiveCfg = Debug|Any CPU
		{961FF85A-FB38-49C7-B19A-4D9C49006E06}.Debug|Any CPU.Build.0 = Debug|Any CPU
		{961FF85A-FB38-49C7-B19A-4D9C49006E06}.Release|Any CPU.ActiveCfg = Release|Any CPU
		{961FF85A-FB38-49C7-B19A-4D9C49006E06}.Release|Any CPU.Build.0 = Release|Any CPU
		{0D263B9C-AB10-4317-8C21-FBB6A594678B}.Debug|Any CPU.ActiveCfg = Debug|Any CPU
		{0D263B9C-AB10-4317-8C21-FBB6A594678B}.Debug|Any CPU.Build.0 = Debug|Any CPU
		{0D263B9C-AB10-4317-8C21-FBB6A594678B}.Release|Any CPU.ActiveCfg = Release|Any CPU
		{0D263B9C-AB10-4317-8C21-FBB6A594678B}.Release|Any CPU.Build.0 = Release|Any CPU
		{42956004-500D-45D2-8C4B-9CA32FF4E862}.Debug|Any CPU.ActiveCfg = Debug|Any CPU
		{42956004-500D-45D2-8C4B-9CA32FF4E862}.Debug|Any CPU.Build.0 = Debug|Any CPU
		{42956004-500D-45D2-8C4B-9CA32FF4E862}.Release|Any CPU.ActiveCfg = Release|Any CPU
		{42956004-500D-45D2-8C4B-9CA32FF4E862}.Release|Any CPU.Build.0 = Release|Any CPU
		{CFBD433A-55E9-42B9-A7F1-6353CB883321}.Debug|Any CPU.ActiveCfg = Debug|Any CPU
		{CFBD433A-55E9-42B9-A7F1-6353CB883321}.Debug|Any CPU.Build.0 = Debug|Any CPU
		{CFBD433A-55E9-42B9-A7F1-6353CB883321}.Release|Any CPU.ActiveCfg = Release|Any CPU
		{CFBD433A-55E9-42B9-A7F1-6353CB883321}.Release|Any CPU.Build.0 = Release|Any CPU
		{B626FA24-D229-493B-9177-826BCC3B0448}.Debug|Any CPU.ActiveCfg = Debug|Any CPU
		{B626FA24-D229-493B-9177-826BCC3B0448}.Debug|Any CPU.Build.0 = Debug|Any CPU
		{B626FA24-D229-493B-9177-826BCC3B0448}.Release|Any CPU.ActiveCfg = Release|Any CPU
		{B626FA24-D229-493B-9177-826BCC3B0448}.Release|Any CPU.Build.0 = Release|Any CPU
		{B0A64FF2-0CE7-418F-AD1D-FD0916DE7A6E}.Debug|Any CPU.ActiveCfg = Debug|Any CPU
		{B0A64FF2-0CE7-418F-AD1D-FD0916DE7A6E}.Debug|Any CPU.Build.0 = Debug|Any CPU
		{B0A64FF2-0CE7-418F-AD1D-FD0916DE7A6E}.Release|Any CPU.ActiveCfg = Release|Any CPU
		{B0A64FF2-0CE7-418F-AD1D-FD0916DE7A6E}.Release|Any CPU.Build.0 = Release|Any CPU
		{C27B1D03-8716-4463-877C-DBE88DCAB58A}.Debug|Any CPU.ActiveCfg = Debug|Any CPU
		{C27B1D03-8716-4463-877C-DBE88DCAB58A}.Debug|Any CPU.Build.0 = Debug|Any CPU
		{C27B1D03-8716-4463-877C-DBE88DCAB58A}.Release|Any CPU.ActiveCfg = Release|Any CPU
		{C27B1D03-8716-4463-877C-DBE88DCAB58A}.Release|Any CPU.Build.0 = Release|Any CPU
		{1FA9FBC6-8025-48BA-BDF9-5F825151BC26}.Debug|Any CPU.ActiveCfg = Debug|Any CPU
		{1FA9FBC6-8025-48BA-BDF9-5F825151BC26}.Debug|Any CPU.Build.0 = Debug|Any CPU
		{1FA9FBC6-8025-48BA-BDF9-5F825151BC26}.Release|Any CPU.ActiveCfg = Release|Any CPU
		{1FA9FBC6-8025-48BA-BDF9-5F825151BC26}.Release|Any CPU.Build.0 = Release|Any CPU
		{AAB723C0-2CAD-4DB3-AF8D-62AD01256295}.Debug|Any CPU.ActiveCfg = Debug|Any CPU
		{AAB723C0-2CAD-4DB3-AF8D-62AD01256295}.Debug|Any CPU.Build.0 = Debug|Any CPU
		{AAB723C0-2CAD-4DB3-AF8D-62AD01256295}.Release|Any CPU.ActiveCfg = Release|Any CPU
		{AAB723C0-2CAD-4DB3-AF8D-62AD01256295}.Release|Any CPU.Build.0 = Release|Any CPU
		{21A9C4EA-C48A-444D-9954-BD0CD0E184CC}.Debug|Any CPU.ActiveCfg = Debug|Any CPU
		{21A9C4EA-C48A-444D-9954-BD0CD0E184CC}.Debug|Any CPU.Build.0 = Debug|Any CPU
		{21A9C4EA-C48A-444D-9954-BD0CD0E184CC}.Release|Any CPU.ActiveCfg = Release|Any CPU
		{21A9C4EA-C48A-444D-9954-BD0CD0E184CC}.Release|Any CPU.Build.0 = Release|Any CPU
		{BB6FB9B7-8E8F-43D0-9C74-ECD3514CE37D}.Debug|Any CPU.ActiveCfg = Debug|Any CPU
		{BB6FB9B7-8E8F-43D0-9C74-ECD3514CE37D}.Debug|Any CPU.Build.0 = Debug|Any CPU
		{BB6FB9B7-8E8F-43D0-9C74-ECD3514CE37D}.Release|Any CPU.ActiveCfg = Release|Any CPU
		{BB6FB9B7-8E8F-43D0-9C74-ECD3514CE37D}.Release|Any CPU.Build.0 = Release|Any CPU
		{23691D47-BFF2-475B-AF5E-4CB0A9CBE725}.Debug|Any CPU.ActiveCfg = Debug|Any CPU
		{23691D47-BFF2-475B-AF5E-4CB0A9CBE725}.Debug|Any CPU.Build.0 = Debug|Any CPU
		{23691D47-BFF2-475B-AF5E-4CB0A9CBE725}.Release|Any CPU.ActiveCfg = Release|Any CPU
		{23691D47-BFF2-475B-AF5E-4CB0A9CBE725}.Release|Any CPU.Build.0 = Release|Any CPU
		{017CD6A7-7D68-43F5-B327-A532DE47E83F}.Debug|Any CPU.ActiveCfg = Debug|Any CPU
		{017CD6A7-7D68-43F5-B327-A532DE47E83F}.Debug|Any CPU.Build.0 = Debug|Any CPU
		{017CD6A7-7D68-43F5-B327-A532DE47E83F}.Release|Any CPU.ActiveCfg = Release|Any CPU
		{017CD6A7-7D68-43F5-B327-A532DE47E83F}.Release|Any CPU.Build.0 = Release|Any CPU
	EndGlobalSection
	GlobalSection(SolutionProperties) = preSolution
		HideSolutionNode = FALSE
	EndGlobalSection
	GlobalSection(ExtensibilityGlobals) = postSolution
		SolutionGuid = {B89ECB55-1128-4021-B979-B6891EF27EAA}
	EndGlobalSection
EndGlobal
