
Microsoft Visual Studio Solution File, Format Version 12.00
# Visual Studio 15
VisualStudioVersion = 15.0.28307.421
MinimumVisualStudioVersion = 10.0.40219.1
Project("{FAE04EC0-301F-11D3-BF4B-00C04F79EFBC}") = "JsonNETSample", "JsonNETSample\JsonNETSample.csproj", "{078487BF-B484-47AD-90A7-4EF086C9EC77}"
EndProject
Project("{FAE04EC0-301F-11D3-BF4B-00C04F79EFBC}") = "EnumSample", "EnumSample\EnumSample.csproj", "{43EAE6E0-7199-4580-9B0B-BA2076859339}"
EndProject
Project("{FAE04EC0-301F-11D3-BF4B-00C04F79EFBC}") = "SerializeFormatSample", "SerializeFormatSample\SerializeFormatSample.csproj", "{116B17C7-8A04-4F01-A11D-30A97AF8F390}"
EndProject
Project("{FAE04EC0-301F-11D3-BF4B-00C04F79EFBC}") = "XmlToJsonTest", "XmlToJsonTest\XmlToJsonTest.csproj", "{A05D721E-CBD6-4634-9A0B-ECCD5AB3A511}"
EndProject
Global
	GlobalSection(SolutionConfigurationPlatforms) = preSolution
		Debug|Any CPU = Debug|Any CPU
		Release|Any CPU = Release|Any CPU
	EndGlobalSection
	GlobalSection(ProjectConfigurationPlatforms) = postSolution
		{078487BF-B484-47AD-90A7-4EF086C9EC77}.Debug|Any CPU.ActiveCfg = Debug|Any CPU
		{078487BF-B484-47AD-90A7-4EF086C9EC77}.Debug|Any CPU.Build.0 = Debug|Any CPU
		{078487BF-B484-47AD-90A7-4EF086C9EC77}.Release|Any CPU.ActiveCfg = Release|Any CPU
		{078487BF-B484-47AD-90A7-4EF086C9EC77}.Release|Any CPU.Build.0 = Release|Any CPU
		{43EAE6E0-7199-4580-9B0B-BA2076859339}.Debug|Any CPU.ActiveCfg = Debug|Any CPU
		{43EAE6E0-7199-4580-9B0B-BA2076859339}.Debug|Any CPU.Build.0 = Debug|Any CPU
		{43EAE6E0-7199-4580-9B0B-BA2076859339}.Release|Any CPU.ActiveCfg = Release|Any CPU
		{43EAE6E0-7199-4580-9B0B-BA2076859339}.Release|Any CPU.Build.0 = Release|Any CPU
		{116B17C7-8A04-4F01-A11D-30A97AF8F390}.Debug|Any CPU.ActiveCfg = Debug|Any CPU
		{116B17C7-8A04-4F01-A11D-30A97AF8F390}.Debug|Any CPU.Build.0 = Debug|Any CPU
		{116B17C7-8A04-4F01-A11D-30A97AF8F390}.Release|Any CPU.ActiveCfg = Release|Any CPU
		{116B17C7-8A04-4F01-A11D-30A97AF8F390}.Release|Any CPU.Build.0 = Release|Any CPU
		{A05D721E-CBD6-4634-9A0B-ECCD5AB3A511}.Debug|Any CPU.ActiveCfg = Debug|Any CPU
		{A05D721E-CBD6-4634-9A0B-ECCD5AB3A511}.Debug|Any CPU.Build.0 = Debug|Any CPU
		{A05D721E-CBD6-4634-9A0B-ECCD5AB3A511}.Release|Any CPU.ActiveCfg = Release|Any CPU
		{A05D721E-CBD6-4634-9A0B-ECCD5AB3A511}.Release|Any CPU.Build.0 = Release|Any CPU
	EndGlobalSection
	GlobalSection(SolutionProperties) = preSolution
		HideSolutionNode = FALSE
	EndGlobalSection
	GlobalSection(ExtensibilityGlobals) = postSolution
		SolutionGuid = {24B628C8-5D04-4560-9BEA-B7A4DFE02501}
	EndGlobalSection
EndGlobal
