
Microsoft Visual Studio Solution File, Format Version 12.00
# Visual Studio 15
VisualStudioVersion = 15.0.27703.2026
MinimumVisualStudioVersion = 10.0.40219.1
Project("{FAE04EC0-301F-11D3-BF4B-00C04F79EFBC}") = "AnimationSample", "AnimationSample\AnimationSample.csproj", "{7118624C-043D-4752-A602-F09CE69AAC9C}"
EndProject
Project("{FAE04EC0-301F-11D3-BF4B-00C04F79EFBC}") = "AnimationSample2", "AnimationSample2\AnimationSample2.csproj", "{3E7A38D0-CC36-4498-B3A0-72E5C931B061}"
EndProject
Project("{FAE04EC0-301F-11D3-BF4B-00C04F79EFBC}") = "KeyFrameAnimation", "KeyFrameAnimation\KeyFrameAnimation.csproj", "{0CE6BFBE-2FEB-4829-B22D-DFCDDACA15F3}"
EndProject
Project("{FAE04EC0-301F-11D3-BF4B-00C04F79EFBC}") = "ColorAnimationSample", "ColorAnimationSample\ColorAnimationSample.csproj", "{2F600D19-9124-4705-BE38-AD33616D042C}"
EndProject
Project("{FAE04EC0-301F-11D3-BF4B-00C04F79EFBC}") = "DataTriggerAnimation", "DataTriggerAnimation\DataTriggerAnimation.csproj", "{AF5761F2-E753-4034-88B2-55B1EF0B702F}"
EndProject
Global
	GlobalSection(SolutionConfigurationPlatforms) = preSolution
		Debug|Any CPU = Debug|Any CPU
		Release|Any CPU = Release|Any CPU
	EndGlobalSection
	GlobalSection(ProjectConfigurationPlatforms) = postSolution
		{7118624C-043D-4752-A602-F09CE69AAC9C}.Debug|Any CPU.ActiveCfg = Debug|Any CPU
		{7118624C-043D-4752-A602-F09CE69AAC9C}.Debug|Any CPU.Build.0 = Debug|Any CPU
		{7118624C-043D-4752-A602-F09CE69AAC9C}.Release|Any CPU.ActiveCfg = Release|Any CPU
		{7118624C-043D-4752-A602-F09CE69AAC9C}.Release|Any CPU.Build.0 = Release|Any CPU
		{3E7A38D0-CC36-4498-B3A0-72E5C931B061}.Debug|Any CPU.ActiveCfg = Debug|Any CPU
		{3E7A38D0-CC36-4498-B3A0-72E5C931B061}.Debug|Any CPU.Build.0 = Debug|Any CPU
		{3E7A38D0-CC36-4498-B3A0-72E5C931B061}.Release|Any CPU.ActiveCfg = Release|Any CPU
		{3E7A38D0-CC36-4498-B3A0-72E5C931B061}.Release|Any CPU.Build.0 = Release|Any CPU
		{0CE6BFBE-2FEB-4829-B22D-DFCDDACA15F3}.Debug|Any CPU.ActiveCfg = Debug|Any CPU
		{0CE6BFBE-2FEB-4829-B22D-DFCDDACA15F3}.Debug|Any CPU.Build.0 = Debug|Any CPU
		{0CE6BFBE-2FEB-4829-B22D-DFCDDACA15F3}.Release|Any CPU.ActiveCfg = Release|Any CPU
		{0CE6BFBE-2FEB-4829-B22D-DFCDDACA15F3}.Release|Any CPU.Build.0 = Release|Any CPU
		{2F600D19-9124-4705-BE38-AD33616D042C}.Debug|Any CPU.ActiveCfg = Debug|Any CPU
		{2F600D19-9124-4705-BE38-AD33616D042C}.Debug|Any CPU.Build.0 = Debug|Any CPU
		{2F600D19-9124-4705-BE38-AD33616D042C}.Release|Any CPU.ActiveCfg = Release|Any CPU
		{2F600D19-9124-4705-BE38-AD33616D042C}.Release|Any CPU.Build.0 = Release|Any CPU
		{AF5761F2-E753-4034-88B2-55B1EF0B702F}.Debug|Any CPU.ActiveCfg = Debug|Any CPU
		{AF5761F2-E753-4034-88B2-55B1EF0B702F}.Debug|Any CPU.Build.0 = Debug|Any CPU
		{AF5761F2-E753-4034-88B2-55B1EF0B702F}.Release|Any CPU.ActiveCfg = Release|Any CPU
		{AF5761F2-E753-4034-88B2-55B1EF0B702F}.Release|Any CPU.Build.0 = Release|Any CPU
	EndGlobalSection
	GlobalSection(SolutionProperties) = preSolution
		HideSolutionNode = FALSE
	EndGlobalSection
	GlobalSection(ExtensibilityGlobals) = postSolution
		SolutionGuid = {247AB60B-10F8-40AB-A9E5-0825F29A1262}
	EndGlobalSection
EndGlobal
