
Microsoft Visual Studio Solution File, Format Version 12.00
# Visual Studio 15
VisualStudioVersion = 15.0.28307.1401
MinimumVisualStudioVersion = 10.0.40219.1
Project("{FAE04EC0-301F-11D3-BF4B-00C04F79EFBC}") = "CommandLineParserSample", "CommandLineParserSample\CommandLineParserSample.csproj", "{963FBCB1-DA28-4052-9B3D-32EDECDC58E5}"
EndProject
Project("{FAE04EC0-301F-11D3-BF4B-00C04F79EFBC}") = "CommandLineParserSample2", "CommandLineParserSample2\CommandLineParserSample2.csproj", "{927E4BB2-6999-4896-8557-E746A746C8D6}"
EndProject
Project("{FAE04EC0-301F-11D3-BF4B-00C04F79EFBC}") = "UsageSample", "UsageSample\UsageSample.csproj", "{D1851B4B-5D97-442B-9A37-6E65282F9B59}"
EndProject
Project("{FAE04EC0-301F-11D3-BF4B-00C04F79EFBC}") = "ValueSample", "ValueSample\ValueSample.csproj", "{7C7EC8DA-7146-4CBA-ABFC-76895EEE7270}"
EndProject
Project("{FAE04EC0-301F-11D3-BF4B-00C04F79EFBC}") = "VerbSample", "VerbSample\VerbSample.csproj", "{3F2F9B9C-C7A4-4714-A5D5-0D53324F7176}"
EndProject
Global
	GlobalSection(SolutionConfigurationPlatforms) = preSolution
		Debug|Any CPU = Debug|Any CPU
		Release|Any CPU = Release|Any CPU
	EndGlobalSection
	GlobalSection(ProjectConfigurationPlatforms) = postSolution
		{963FBCB1-DA28-4052-9B3D-32EDECDC58E5}.Debug|Any CPU.ActiveCfg = Debug|Any CPU
		{963FBCB1-DA28-4052-9B3D-32EDECDC58E5}.Debug|Any CPU.Build.0 = Debug|Any CPU
		{963FBCB1-DA28-4052-9B3D-32EDECDC58E5}.Release|Any CPU.ActiveCfg = Release|Any CPU
		{963FBCB1-DA28-4052-9B3D-32EDECDC58E5}.Release|Any CPU.Build.0 = Release|Any CPU
		{927E4BB2-6999-4896-8557-E746A746C8D6}.Debug|Any CPU.ActiveCfg = Debug|Any CPU
		{927E4BB2-6999-4896-8557-E746A746C8D6}.Debug|Any CPU.Build.0 = Debug|Any CPU
		{927E4BB2-6999-4896-8557-E746A746C8D6}.Release|Any CPU.ActiveCfg = Release|Any CPU
		{927E4BB2-6999-4896-8557-E746A746C8D6}.Release|Any CPU.Build.0 = Release|Any CPU
		{D1851B4B-5D97-442B-9A37-6E65282F9B59}.Debug|Any CPU.ActiveCfg = Debug|Any CPU
		{D1851B4B-5D97-442B-9A37-6E65282F9B59}.Debug|Any CPU.Build.0 = Debug|Any CPU
		{D1851B4B-5D97-442B-9A37-6E65282F9B59}.Release|Any CPU.ActiveCfg = Release|Any CPU
		{D1851B4B-5D97-442B-9A37-6E65282F9B59}.Release|Any CPU.Build.0 = Release|Any CPU
		{7C7EC8DA-7146-4CBA-ABFC-76895EEE7270}.Debug|Any CPU.ActiveCfg = Debug|Any CPU
		{7C7EC8DA-7146-4CBA-ABFC-76895EEE7270}.Debug|Any CPU.Build.0 = Debug|Any CPU
		{7C7EC8DA-7146-4CBA-ABFC-76895EEE7270}.Release|Any CPU.ActiveCfg = Release|Any CPU
		{7C7EC8DA-7146-4CBA-ABFC-76895EEE7270}.Release|Any CPU.Build.0 = Release|Any CPU
		{3F2F9B9C-C7A4-4714-A5D5-0D53324F7176}.Debug|Any CPU.ActiveCfg = Debug|Any CPU
		{3F2F9B9C-C7A4-4714-A5D5-0D53324F7176}.Debug|Any CPU.Build.0 = Debug|Any CPU
		{3F2F9B9C-C7A4-4714-A5D5-0D53324F7176}.Release|Any CPU.ActiveCfg = Release|Any CPU
		{3F2F9B9C-C7A4-4714-A5D5-0D53324F7176}.Release|Any CPU.Build.0 = Release|Any CPU
	EndGlobalSection
	GlobalSection(SolutionProperties) = preSolution
		HideSolutionNode = FALSE
	EndGlobalSection
	GlobalSection(ExtensibilityGlobals) = postSolution
		SolutionGuid = {8D284A00-D382-49FA-8583-0BAFEF370AA6}
	EndGlobalSection
EndGlobal
